
Microsoft Visual Studio Solution File, Format Version 12.00
# Visual Studio 14
VisualStudioVersion = 14.0.25420.1
MinimumVisualStudioVersion = 10.0.40219.1
Project("{2150E333-8FDC-42A3-9474-1A3956D46DE8}") = "1. Shell", "1. Shell", "{5ACD56BF-F619-4F00-8F6B-6F08C4CC9E0A}"
EndProject
Project("{2150E333-8FDC-42A3-9474-1A3956D46DE8}") = "2. Data", "2. Data", "{D283924D-987C-44C5-8295-2E3512140D1E}"
EndProject
Project("{2150E333-8FDC-42A3-9474-1A3956D46DE8}") = "3. Modules", "3. Modules", "{F1E9A862-2B99-4F59-A16A-822E6D22720D}"
EndProject
Project("{FAE04EC0-301F-11D3-BF4B-00C04F79EFBC}") = "PrideTek.EzSale.MainApp", "PrideTek.EzSale.MainApp\PrideTek.EzSale.MainApp.csproj", "{17125B1E-0F76-42D5-9E92-8BC73B011D8C}"
EndProject
Project("{FAE04EC0-301F-11D3-BF4B-00C04F79EFBC}") = "PrideTek.EmployeeModule", "PrideTek.EmployeeModule\PrideTek.EmployeeModule.csproj", "{96BA7BB1-D1DC-4FBF-A1C9-2EEA9184BF77}"
EndProject
Project("{FAE04EC0-301F-11D3-BF4B-00C04F79EFBC}") = "PrideTek.EzSale.Infrastructure", "PrideTek.EzSale.Infrastructure\PrideTek.EzSale.Infrastructure.csproj", "{902477E1-D57C-4530-B676-67D84F297FC1}"
EndProject
Project("{FAE04EC0-301F-11D3-BF4B-00C04F79EFBC}") = "PrideTek.Shell.Common", "PrideTek.Shell.Common\PrideTek.Shell.Common.csproj", "{40535083-398D-4FED-9B71-012B03205E13}"
EndProject
Project("{FAE04EC0-301F-11D3-BF4B-00C04F79EFBC}") = "PrideTek.Shell.Core", "PrideTek.Shell.Core\PrideTek.Shell.Core.csproj", "{DBF43CD5-BE14-4202-9A9B-C10C72FD2625}"
EndProject
Project("{FAE04EC0-301F-11D3-BF4B-00C04F79EFBC}") = "PrideTek.EzSale.ClientService", "PrideTek.EzSale.ClientService\PrideTek.EzSale.ClientService.csproj", "{FD4EA5AC-7796-43A2-B21A-A9B6D2AB603E}"
EndProject
Project("{FAE04EC0-301F-11D3-BF4B-00C04F79EFBC}") = "PrideTek.EzSale.Models", "PrideTek.EzSale.Models\PrideTek.EzSale.Models.csproj", "{79ADB874-F02E-4D5A-BF84-DE744807E177}"
EndProject
Project("{FAE04EC0-301F-11D3-BF4B-00C04F79EFBC}") = "PrideTek.EzSale.DAL", "PrideTek.EzSale.DAL\PrideTek.EzSale.DAL.csproj", "{F287BC44-8BD4-4B26-BA71-D85371A26BA8}"
EndProject
Project("{FAE04EC0-301F-11D3-BF4B-00C04F79EFBC}") = "PrideTek.EzSale.StatusBarModule", "PrideTek.EzSale.StatusBarModule\PrideTek.EzSale.StatusBarModule.csproj", "{71DE92EE-EF26-4D56-803B-6B459FF5B575}"
EndProject
Project("{FAE04EC0-301F-11D3-BF4B-00C04F79EFBC}") = "PrideTek.EzSale.ModelsTests", "PrideTek.EzSale.ModelsTests\PrideTek.EzSale.ModelsTests.csproj", "{CDACB17B-D991-4D82-B30B-11A0E55866E9}"
EndProject
Project("{FAE04EC0-301F-11D3-BF4B-00C04F79EFBC}") = "PrideTek.CustomerModule", "PrideTek.CustomerModule\PrideTek.CustomerModule.csproj", "{0F0AB3E0-B510-4E09-819F-EA77DF1433F6}"
EndProject
Project("{FAE04EC0-301F-11D3-BF4B-00C04F79EFBC}") = "Pridetek.SupportModule", "Pridetek.SupportModule\Pridetek.SupportModule.csproj", "{D282CE09-98EF-40A2-AB59-6C9D3CB3A2E9}"
EndProject
Global
	GlobalSection(SolutionConfigurationPlatforms) = preSolution
		Debug|Any CPU = Debug|Any CPU
		Release|Any CPU = Release|Any CPU
	EndGlobalSection
	GlobalSection(ProjectConfigurationPlatforms) = postSolution
		{17125B1E-0F76-42D5-9E92-8BC73B011D8C}.Debug|Any CPU.ActiveCfg = Debug|Any CPU
		{17125B1E-0F76-42D5-9E92-8BC73B011D8C}.Debug|Any CPU.Build.0 = Debug|Any CPU
		{17125B1E-0F76-42D5-9E92-8BC73B011D8C}.Release|Any CPU.ActiveCfg = Release|Any CPU
		{17125B1E-0F76-42D5-9E92-8BC73B011D8C}.Release|Any CPU.Build.0 = Release|Any CPU
		{96BA7BB1-D1DC-4FBF-A1C9-2EEA9184BF77}.Debug|Any CPU.ActiveCfg = Debug|Any CPU
		{96BA7BB1-D1DC-4FBF-A1C9-2EEA9184BF77}.Debug|Any CPU.Build.0 = Debug|Any CPU
		{96BA7BB1-D1DC-4FBF-A1C9-2EEA9184BF77}.Release|Any CPU.ActiveCfg = Release|Any CPU
		{96BA7BB1-D1DC-4FBF-A1C9-2EEA9184BF77}.Release|Any CPU.Build.0 = Release|Any CPU
		{902477E1-D57C-4530-B676-67D84F297FC1}.Debug|Any CPU.ActiveCfg = Debug|Any CPU
		{902477E1-D57C-4530-B676-67D84F297FC1}.Debug|Any CPU.Build.0 = Debug|Any CPU
		{902477E1-D57C-4530-B676-67D84F297FC1}.Release|Any CPU.ActiveCfg = Release|Any CPU
		{902477E1-D57C-4530-B676-67D84F297FC1}.Release|Any CPU.Build.0 = Release|Any CPU
		{40535083-398D-4FED-9B71-012B03205E13}.Debug|Any CPU.ActiveCfg = Debug|Any CPU
		{40535083-398D-4FED-9B71-012B03205E13}.Debug|Any CPU.Build.0 = Debug|Any CPU
		{40535083-398D-4FED-9B71-012B03205E13}.Release|Any CPU.ActiveCfg = Release|Any CPU
		{40535083-398D-4FED-9B71-012B03205E13}.Release|Any CPU.Build.0 = Release|Any CPU
		{DBF43CD5-BE14-4202-9A9B-C10C72FD2625}.Debug|Any CPU.ActiveCfg = Debug|Any CPU
		{DBF43CD5-BE14-4202-9A9B-C10C72FD2625}.Debug|Any CPU.Build.0 = Debug|Any CPU
		{DBF43CD5-BE14-4202-9A9B-C10C72FD2625}.Release|Any CPU.ActiveCfg = Release|Any CPU
		{DBF43CD5-BE14-4202-9A9B-C10C72FD2625}.Release|Any CPU.Build.0 = Release|Any CPU
		{FD4EA5AC-7796-43A2-B21A-A9B6D2AB603E}.Debug|Any CPU.ActiveCfg = Debug|Any CPU
		{FD4EA5AC-7796-43A2-B21A-A9B6D2AB603E}.Debug|Any CPU.Build.0 = Debug|Any CPU
		{FD4EA5AC-7796-43A2-B21A-A9B6D2AB603E}.Release|Any CPU.ActiveCfg = Release|Any CPU
		{FD4EA5AC-7796-43A2-B21A-A9B6D2AB603E}.Release|Any CPU.Build.0 = Release|Any CPU
		{79ADB874-F02E-4D5A-BF84-DE744807E177}.Debug|Any CPU.ActiveCfg = Debug|Any CPU
		{79ADB874-F02E-4D5A-BF84-DE744807E177}.Debug|Any CPU.Build.0 = Debug|Any CPU
		{79ADB874-F02E-4D5A-BF84-DE744807E177}.Release|Any CPU.ActiveCfg = Release|Any CPU
		{79ADB874-F02E-4D5A-BF84-DE744807E177}.Release|Any CPU.Build.0 = Release|Any CPU
		{F287BC44-8BD4-4B26-BA71-D85371A26BA8}.Debug|Any CPU.ActiveCfg = Debug|Any CPU
		{F287BC44-8BD4-4B26-BA71-D85371A26BA8}.Debug|Any CPU.Build.0 = Debug|Any CPU
		{F287BC44-8BD4-4B26-BA71-D85371A26BA8}.Release|Any CPU.ActiveCfg = Release|Any CPU
		{F287BC44-8BD4-4B26-BA71-D85371A26BA8}.Release|Any CPU.Build.0 = Release|Any CPU
		{71DE92EE-EF26-4D56-803B-6B459FF5B575}.Debug|Any CPU.ActiveCfg = Debug|Any CPU
		{71DE92EE-EF26-4D56-803B-6B459FF5B575}.Debug|Any CPU.Build.0 = Debug|Any CPU
		{71DE92EE-EF26-4D56-803B-6B459FF5B575}.Release|Any CPU.ActiveCfg = Release|Any CPU
		{71DE92EE-EF26-4D56-803B-6B459FF5B575}.Release|Any CPU.Build.0 = Release|Any CPU
		{CDACB17B-D991-4D82-B30B-11A0E55866E9}.Debug|Any CPU.ActiveCfg = Debug|Any CPU
		{CDACB17B-D991-4D82-B30B-11A0E55866E9}.Debug|Any CPU.Build.0 = Debug|Any CPU
		{CDACB17B-D991-4D82-B30B-11A0E55866E9}.Release|Any CPU.ActiveCfg = Release|Any CPU
		{CDACB17B-D991-4D82-B30B-11A0E55866E9}.Release|Any CPU.Build.0 = Release|Any CPU
		{0F0AB3E0-B510-4E09-819F-EA77DF1433F6}.Debug|Any CPU.ActiveCfg = Debug|Any CPU
		{0F0AB3E0-B510-4E09-819F-EA77DF1433F6}.Debug|Any CPU.Build.0 = Debug|Any CPU
		{0F0AB3E0-B510-4E09-819F-EA77DF1433F6}.Release|Any CPU.ActiveCfg = Release|Any CPU
		{0F0AB3E0-B510-4E09-819F-EA77DF1433F6}.Release|Any CPU.Build.0 = Release|Any CPU
		{D282CE09-98EF-40A2-AB59-6C9D3CB3A2E9}.Debug|Any CPU.ActiveCfg = Debug|Any CPU
		{D282CE09-98EF-40A2-AB59-6C9D3CB3A2E9}.Debug|Any CPU.Build.0 = Debug|Any CPU
		{D282CE09-98EF-40A2-AB59-6C9D3CB3A2E9}.Release|Any CPU.ActiveCfg = Release|Any CPU
		{D282CE09-98EF-40A2-AB59-6C9D3CB3A2E9}.Release|Any CPU.Build.0 = Release|Any CPU
	EndGlobalSection
	GlobalSection(SolutionProperties) = preSolution
		HideSolutionNode = FALSE
	EndGlobalSection
	GlobalSection(NestedProjects) = preSolution
		{96BA7BB1-D1DC-4FBF-A1C9-2EEA9184BF77} = {F1E9A862-2B99-4F59-A16A-822E6D22720D}
		{40535083-398D-4FED-9B71-012B03205E13} = {5ACD56BF-F619-4F00-8F6B-6F08C4CC9E0A}
		{DBF43CD5-BE14-4202-9A9B-C10C72FD2625} = {5ACD56BF-F619-4F00-8F6B-6F08C4CC9E0A}
		{71DE92EE-EF26-4D56-803B-6B459FF5B575} = {F1E9A862-2B99-4F59-A16A-822E6D22720D}
		{0F0AB3E0-B510-4E09-819F-EA77DF1433F6} = {F1E9A862-2B99-4F59-A16A-822E6D22720D}
		{D282CE09-98EF-40A2-AB59-6C9D3CB3A2E9} = {F1E9A862-2B99-4F59-A16A-822E6D22720D}
	EndGlobalSection
EndGlobal
